lockfileVersion: '9.0'

settings:
  autoInstallPeers: true
  excludeLinksFromLockfile: false

importers:

  .:
    dependencies:
      '@aspect-test/a':
        specifier: 5.0.2
        version: 5.0.2
      '@aspect-test/b':
        specifier: 5.0.2
        version: 5.0.2
      '@aspect-test/d':
        specifier: 5.0.3
        version: 5.0.3
    peerDependencies:
      '@aspect-test/c':
        specifier: 2.0.2
        version: 2.0.2
    devDependencies:
      jquery:
        specifier: 3.6.1
        version: 3.6.1
