lockfileVersion: '9.0'

settings:
  autoInstallPeers: true
  excludeLinksFromLockfile: false

importers:

  .:
    dependencies:
      '@aspect-test/a':
        specifier: 5.0.2
        version: 5.0.2
      typescript:
        specifier: 4.9.5
        version: 4.9.5
    optionalDependencies:
      '@aspect-test/c':
        specifier: 2.0.2
        version: 2.0.2
    devDependencies:
      '@aspect-test/b':
        specifier: 5.0.2
        version: 5.0.2

  app/a:
    dependencies:
      '@aspect-test/a':
        specifier: 5.0.2
        version: 5.0.2
      '@aspect-test/g':
        specifier: 1.0.0
        version: 1.0.0
      '@lib/a':
        specifier: workspace:*
        version: link:../../lib/a

  app/b:
    dependencies:
      '@aspect-test/h':
        specifier: 1.0.0
        version: 1.0.0
      '@lib/a':
        specifier: workspace:*
        version: link:../../lib/a
      '@lib/b':
        specifier: workspace:*
        version: link:../../lib/b
      '@lib/b_alias':
        specifier: workspace:@lib/b@*
        version: link:../../lib/b

  app/c:
    dependencies:
      '@aspect-test/a':
        specifier: 5.0.2
        version: 5.0.2
      '@aspect-test/g':
        specifier: 1.0.0
        version: 1.0.0
      '@lib/c':
        specifier: file:../../lib/c
        version: file:lib/c

  lib/a:
    dependencies:
      '@aspect-test/e':
        specifier: 1.0.0
        version: 1.0.0
      '@lib/b':
        specifier: workspace:*
        version: link:../b

  lib/b:
    dependencies:
      '@aspect-test/f':
        specifier: 1.0.0
        version: 1.0.0

  lib/c:
    dependencies:
      '@aspect-test/f':
        specifier: 1.0.0
        version: 1.0.0

  lib/no-direct:
    dependencies:
      '@lib/b':
        specifier: workspace:*
        version: link:../b
      typescript:
        specifier: 4.9.5
        version: 4.9.5
