lockfileVersion: '9.0'

settings:
  autoInstallPeers: true
  excludeLinksFromLockfile: false

importers:

  .: {}

  lib/a:
    dependencies:
      '@lib/b':
        specifier: workspace:*
        version: link:../b

  lib/b:
    dependencies:
      '@lib/c':
        specifier: workspace:*
        version: link:../c

  lib/c: {}
